// !$*UTF8*$!
{
	archiveVersion = 1;
	classes = {
	};
	objectVersion = 56;
	objects = {

/* Begin PBXBuildFile section */
		1820BFC42B51BCBD004FBD8F /* main.swift in Sources */ = {isa = PBXBuildFile; fileRef = 1820BFC32B51BCBD004FBD8F /* main.swift */; };
		1820BFDA2B51BCDA004FBD8F /* SAM.framework in Frameworks */ = {isa = PBXBuildFile; fileRef = 1820BFCD2B51BCD0004FBD8F /* SAM.framework */; };
		1820BFDB2B51BCDA004FBD8F /* SAM.framework in Embed Frameworks */ = {isa = PBXBuildFile; fileRef = 1820BFCD2B51BCD0004FBD8F /* SAM.framework */; settings = {ATTRIBUTES = (CodeSignOnCopy, RemoveHeadersOnCopy, ); }; };
		1820BFDF2B51BCE7004FBD8F /* PromptEncoder.swift in Sources */ = {isa = PBXBuildFile; fileRef = 18D814D42B4EAF4B0018694F /* PromptEncoder.swift */; };
		1820BFE02B51BCE7004FBD8F /* NormalizeFilter.swift in Sources */ = {isa = PBXBuildFile; fileRef = 1820BFB92B5067C4004FBD8F /* NormalizeFilter.swift */; };
		1820BFE12B51BCE7004FBD8F /* filters.metal in Sources */ = {isa = PBXBuildFile; fileRef = 1820BFBB2B506F33004FBD8F /* filters.metal */; };
		1820BFE42B51BD7B004FBD8F /* IMG_5102.jpg in CopyFiles */ = {isa = PBXBuildFile; fileRef = 1820BFE32B51BD63004FBD8F /* IMG_5102.jpg */; };
		1822405B2B554FCE00B849F5 /* ImageProcessor.swift in Sources */ = {isa = PBXBuildFile; fileRef = 1822405A2B554FCE00B849F5 /* ImageProcessor.swift */; };
		1822405D2B556F7D00B849F5 /* preprocessing.metal in Sources */ = {isa = PBXBuildFile; fileRef = 1822405C2B556F7D00B849F5 /* preprocessing.metal */; };
		18FB7E3A2B55801600BE552C /* SegmentAnythingMobile_iOSApp.swift in Sources */ = {isa = PBXBuildFile; fileRef = 18FB7E392B55801600BE552C /* SegmentAnythingMobile_iOSApp.swift */; };
		18FB7E3C2B55801600BE552C /* ContentView.swift in Sources */ = {isa = PBXBuildFile; fileRef = 18FB7E3B2B55801600BE552C /* ContentView.swift */; };
		18FB7E3E2B55801700BE552C /* Assets.xcassets in Resources */ = {isa = PBXBuildFile; fileRef = 18FB7E3D2B55801700BE552C /* Assets.xcassets */; };
		18FB7E452B567C2200BE552C /* SAM.framework in Frameworks */ = {isa = PBXBuildFile; fileRef = 1820BFCD2B51BCD0004FBD8F /* SAM.framework */; };
		18FB7E462B567C2200BE552C /* SAM.framework in Embed Frameworks */ = {isa = PBXBuildFile; fileRef = 1820BFCD2B51BCD0004FBD8F /* SAM.framework */; settings = {ATTRIBUTES = (CodeSignOnCopy, RemoveHeadersOnCopy, ); }; };
		18FB7E4B2B567E0900BE552C /* ImageEncoder.mlpackage in Sources */ = {isa = PBXBuildFile; fileRef = 18FB7E4A2B567E0900BE552C /* ImageEncoder.mlpackage */; };
		18FB7E4D2B56D6F400BE552C /* dense_embeddings.bin in Resources */ = {isa = PBXBuildFile; fileRef = 18FB7E4C2B56D6F400BE552C /* dense_embeddings.bin */; };
		18FB7E4F2B56EDAD00BE552C /* MaskDecoder.mlpackage in Sources */ = {isa = PBXBuildFile; fileRef = 18FB7E4E2B56EDAD00BE552C /* MaskDecoder.mlpackage */; };
		18FB7E512B591E0A00BE552C /* image_embeddings.bin in Resources */ = {isa = PBXBuildFile; fileRef = 18FB7E502B591E0A00BE552C /* image_embeddings.bin */; };
		18FB7E532B5920FA00BE552C /* SegmentAnything.swift in Sources */ = {isa = PBXBuildFile; fileRef = 18FB7E522B5920FA00BE552C /* SegmentAnything.swift */; };
		18FB7E552B592BD000BE552C /* postprocessing.metal in Sources */ = {isa = PBXBuildFile; fileRef = 18FB7E542B592BD000BE552C /* postprocessing.metal */; };
/* End PBXBuildFile section */

/* Begin PBXContainerItemProxy section */
		1820BFDC2B51BCDA004FBD8F /* PBXContainerItemProxy */ = {
			isa = PBXContainerItemProxy;
			containerPortal = 18D814BA2B4EAF220018694F /* Project object */;
			proxyType = 1;
			remoteGlobalIDString = 1820BFCC2B51BCD0004FBD8F;
			remoteInfo = SAM;
		};
		18FB7E472B567C2200BE552C /* PBXContainerItemProxy */ = {
			isa = PBXContainerItemProxy;
			containerPortal = 18D814BA2B4EAF220018694F /* Project object */;
			proxyType = 1;
			remoteGlobalIDString = 1820BFCC2B51BCD0004FBD8F;
			remoteInfo = SAM;
		};
/* End PBXContainerItemProxy section */

/* Begin PBXCopyFilesBuildPhase section */
		1820BFBF2B51BCBD004FBD8F /* CopyFiles */ = {
			isa = PBXCopyFilesBuildPhase;
			buildActionMask = 12;
			dstPath = "";
			dstSubfolderSpec = 16;
			files = (
				1820BFE42B51BD7B004FBD8F /* IMG_5102.jpg in CopyFiles */,
			);
			runOnlyForDeploymentPostprocessing = 0;
		};
		1820BFDE2B51BCDA004FBD8F /* Embed Frameworks */ = {
			isa = PBXCopyFilesBuildPhase;
			buildActionMask = 2147483647;
			dstPath = "";
			dstSubfolderSpec = 10;
			files = (
				1820BFDB2B51BCDA004FBD8F /* SAM.framework in Embed Frameworks */,
			);
			name = "Embed Frameworks";
			runOnlyForDeploymentPostprocessing = 0;
		};
		18FB7E492B567C2200BE552C /* Embed Frameworks */ = {
			isa = PBXCopyFilesBuildPhase;
			buildActionMask = 2147483647;
			dstPath = "";
			dstSubfolderSpec = 10;
			files = (
				18FB7E462B567C2200BE552C /* SAM.framework in Embed Frameworks */,
			);
			name = "Embed Frameworks";
			runOnlyForDeploymentPostprocessing = 0;
		};
/* End PBXCopyFilesBuildPhase section */

/* Begin PBXFileReference section */
		1820BFB92B5067C4004FBD8F /* NormalizeFilter.swift */ = {isa = PBXFileReference; lastKnownFileType = sourcecode.swift; path = NormalizeFilter.swift; sourceTree = "<group>"; };
		1820BFBB2B506F33004FBD8F /* filters.metal */ = {isa = PBXFileReference; lastKnownFileType = sourcecode.metal; path = filters.metal; sourceTree = "<group>"; };
		1820BFC12B51BCBD004FBD8F /* SegmentAnythingMobileCLI */ = {isa = PBXFileReference; explicitFileType = "compiled.mach-o.executable"; includeInIndex = 0; path = SegmentAnythingMobileCLI; sourceTree = BUILT_PRODUCTS_DIR; };
		1820BFC32B51BCBD004FBD8F /* main.swift */ = {isa = PBXFileReference; lastKnownFileType = sourcecode.swift; path = main.swift; sourceTree = "<group>"; };
		1820BFCD2B51BCD0004FBD8F /* SAM.framework */ = {isa = PBXFileReference; explicitFileType = wrapper.framework; includeInIndex = 0; path = SAM.framework; sourceTree = BUILT_PRODUCTS_DIR; };
		1820BFE32B51BD63004FBD8F /* IMG_5102.jpg */ = {isa = PBXFileReference; lastKnownFileType = image.jpeg; path = IMG_5102.jpg; sourceTree = "<group>"; };
		182240582B554CC900B849F5 /* Preprocessing-Bridging-Header.h */ = {isa = PBXFileReference; lastKnownFileType = sourcecode.c.h; path = "Preprocessing-Bridging-Header.h"; sourceTree = "<group>"; };
		1822405A2B554FCE00B849F5 /* ImageProcessor.swift */ = {isa = PBXFileReference; lastKnownFileType = sourcecode.swift; path = ImageProcessor.swift; sourceTree = "<group>"; };
		1822405C2B556F7D00B849F5 /* preprocessing.metal */ = {isa = PBXFileReference; lastKnownFileType = sourcecode.metal; path = preprocessing.metal; sourceTree = "<group>"; };
		18D814D42B4EAF4B0018694F /* PromptEncoder.swift */ = {isa = PBXFileReference; lastKnownFileType = sourcecode.swift; path = PromptEncoder.swift; sourceTree = "<group>"; };
		18FB7E372B55801600BE552C /* SegmentAnythingMobile-iOS.app */ = {isa = PBXFileReference; explicitFileType = wrapper.application; includeInIndex = 0; path = "SegmentAnythingMobile-iOS.app"; sourceTree = BUILT_PRODUCTS_DIR; };
		18FB7E392B55801600BE552C /* SegmentAnythingMobile_iOSApp.swift */ = {isa = PBXFileReference; lastKnownFileType = sourcecode.swift; path = SegmentAnythingMobile_iOSApp.swift; sourceTree = "<group>"; };
		18FB7E3B2B55801600BE552C /* ContentView.swift */ = {isa = PBXFileReference; lastKnownFileType = sourcecode.swift; path = ContentView.swift; sourceTree = "<group>"; };
		18FB7E3D2B55801700BE552C /* Assets.xcassets */ = {isa = PBXFileReference; lastKnownFileType = folder.assetcatalog; path = Assets.xcassets; sourceTree = "<group>"; };
		18FB7E4A2B567E0900BE552C /* ImageEncoder.mlpackage */ = {isa = PBXFileReference; lastKnownFileType = folder.mlpackage; path = ImageEncoder.mlpackage; sourceTree = "<group>"; };
		18FB7E4C2B56D6F400BE552C /* dense_embeddings.bin */ = {isa = PBXFileReference; lastKnownFileType = archive.macbinary; path = dense_embeddings.bin; sourceTree = "<group>"; };
		18FB7E4E2B56EDAD00BE552C /* MaskDecoder.mlpackage */ = {isa = PBXFileReference; lastKnownFileType = folder.mlpackage; path = MaskDecoder.mlpackage; sourceTree = "<group>"; };
		18FB7E502B591E0A00BE552C /* image_embeddings.bin */ = {isa = PBXFileReference; lastKnownFileType = archive.macbinary; path = image_embeddings.bin; sourceTree = "<group>"; };
		18FB7E522B5920FA00BE552C /* SegmentAnything.swift */ = {isa = PBXFileReference; lastKnownFileType = sourcecode.swift; path = SegmentAnything.swift; sourceTree = "<group>"; };
		18FB7E542B592BD000BE552C /* postprocessing.metal */ = {isa = PBXFileReference; lastKnownFileType = sourcecode.metal; path = postprocessing.metal; sourceTree = "<group>"; };
/* End PBXFileReference section */

/* Begin PBXFrameworksBuildPhase section */
		1820BFBE2B51BCBD004FBD8F /* Frameworks */ = {
			isa = PBXFrameworksBuildPhase;
			buildActionMask = 2147483647;
			files = (
				1820BFDA2B51BCDA004FBD8F /* SAM.framework in Frameworks */,
			);
			runOnlyForDeploymentPostprocessing = 0;
		};
		1820BFCA2B51BCD0004FBD8F /* Frameworks */ = {
			isa = PBXFrameworksBuildPhase;
			buildActionMask = 2147483647;
			files = (
			);
			runOnlyForDeploymentPostprocessing = 0;
		};
		18FB7E342B55801600BE552C /* Frameworks */ = {
			isa = PBXFrameworksBuildPhase;
			buildActionMask = 2147483647;
			files = (
				18FB7E452B567C2200BE552C /* SAM.framework in Frameworks */,
			);
			runOnlyForDeploymentPostprocessing = 0;
		};
/* End PBXFrameworksBuildPhase section */

/* Begin PBXGroup section */
		1820BFC22B51BCBD004FBD8F /* SegmentAnythingMobileCLI */ = {
			isa = PBXGroup;
			children = (
				1820BFE22B51BD4D004FBD8F /* Resources */,
				1820BFC32B51BCBD004FBD8F /* main.swift */,
			);
			path = SegmentAnythingMobileCLI;
			sourceTree = "<group>";
		};
		1820BFCE2B51BCD0004FBD8F /* SAM */ = {
			isa = PBXGroup;
			children = (
				18FB7E582B5931FD00BE552C /* Metal */,
				18FB7E572B5931E800BE552C /* Resources */,
				18FB7E562B5931DA00BE552C /* Models */,
				18D814D42B4EAF4B0018694F /* PromptEncoder.swift */,
				1820BFB92B5067C4004FBD8F /* NormalizeFilter.swift */,
				1822405A2B554FCE00B849F5 /* ImageProcessor.swift */,
				18FB7E522B5920FA00BE552C /* SegmentAnything.swift */,
				182240582B554CC900B849F5 /* Preprocessing-Bridging-Header.h */,
			);
			path = SAM;
			sourceTree = "<group>";
		};
		1820BFD92B51BCDA004FBD8F /* Frameworks */ = {
			isa = PBXGroup;
			children = (
			);
			name = Frameworks;
			sourceTree = "<group>";
		};
		1820BFE22B51BD4D004FBD8F /* Resources */ = {
			isa = PBXGroup;
			children = (
				1820BFE32B51BD63004FBD8F /* IMG_5102.jpg */,
			);
			path = Resources;
			sourceTree = "<group>";
		};
		18D814B92B4EAF220018694F = {
			isa = PBXGroup;
			children = (
				1820BFD92B51BCDA004FBD8F /* Frameworks */,
				18D814C32B4EAF220018694F /* Products */,
				1820BFCE2B51BCD0004FBD8F /* SAM */,
				18FB7E382B55801600BE552C /* SegmentAnythingMobile-iOS */,
				1820BFC22B51BCBD004FBD8F /* SegmentAnythingMobileCLI */,
			);
			sourceTree = "<group>";
		};
		18D814C32B4EAF220018694F /* Products */ = {
			isa = PBXGroup;
			children = (
				1820BFC12B51BCBD004FBD8F /* SegmentAnythingMobileCLI */,
				1820BFCD2B51BCD0004FBD8F /* SAM.framework */,
				18FB7E372B55801600BE552C /* SegmentAnythingMobile-iOS.app */,
			);
			name = Products;
			sourceTree = "<group>";
		};
		18FB7E382B55801600BE552C /* SegmentAnythingMobile-iOS */ = {
			isa = PBXGroup;
			children = (
				18FB7E392B55801600BE552C /* SegmentAnythingMobile_iOSApp.swift */,
				18FB7E3B2B55801600BE552C /* ContentView.swift */,
				18FB7E3D2B55801700BE552C /* Assets.xcassets */,
			);
			path = "SegmentAnythingMobile-iOS";
			sourceTree = "<group>";
		};
		18FB7E562B5931DA00BE552C /* Models */ = {
			isa = PBXGroup;
			children = (
				18FB7E4A2B567E0900BE552C /* ImageEncoder.mlpackage */,
				18FB7E4E2B56EDAD00BE552C /* MaskDecoder.mlpackage */,
			);
			path = Models;
			sourceTree = "<group>";
		};
		18FB7E572B5931E800BE552C /* Resources */ = {
			isa = PBXGroup;
			children = (
				18FB7E502B591E0A00BE552C /* image_embeddings.bin */,
				18FB7E4C2B56D6F400BE552C /* dense_embeddings.bin */,
			);
			path = Resources;
			sourceTree = "<group>";
		};
		18FB7E582B5931FD00BE552C /* Metal */ = {
			isa = PBXGroup;
			children = (
				1820BFBB2B506F33004FBD8F /* filters.metal */,
				1822405C2B556F7D00B849F5 /* preprocessing.metal */,
				18FB7E542B592BD000BE552C /* postprocessing.metal */,
			);
			path = Metal;
			sourceTree = "<group>";
		};
/* End PBXGroup section */

/* Begin PBXHeadersBuildPhase section */
		1820BFC82B51BCD0004FBD8F /* Headers */ = {
			isa = PBXHeadersBuildPhase;
			buildActionMask = 2147483647;
			files = (
			);
			runOnlyForDeploymentPostprocessing = 0;
		};
/* End PBXHeadersBuildPhase section */

/* Begin PBXNativeTarget section */
		1820BFC02B51BCBD004FBD8F /* SegmentAnythingMobileCLI */ = {
			isa = PBXNativeTarget;
			buildConfigurationList = 1820BFC52B51BCBD004FBD8F /* Build configuration list for PBXNativeTarget "SegmentAnythingMobileCLI" */;
			buildPhases = (
				1820BFBD2B51BCBD004FBD8F /* Sources */,
				1820BFBE2B51BCBD004FBD8F /* Frameworks */,
				1820BFBF2B51BCBD004FBD8F /* CopyFiles */,
				1820BFDE2B51BCDA004FBD8F /* Embed Frameworks */,
			);
			buildRules = (
			);
			dependencies = (
				1820BFDD2B51BCDA004FBD8F /* PBXTargetDependency */,
			);
			name = SegmentAnythingMobileCLI;
			productName = SegmentAnythingMobileCLI;
			productReference = 1820BFC12B51BCBD004FBD8F /* SegmentAnythingMobileCLI */;
			productType = "com.apple.product-type.tool";
		};
		1820BFCC2B51BCD0004FBD8F /* SAM */ = {
			isa = PBXNativeTarget;
			buildConfigurationList = 1820BFD52B51BCD0004FBD8F /* Build configuration list for PBXNativeTarget "SAM" */;
			buildPhases = (
				1820BFC82B51BCD0004FBD8F /* Headers */,
				1820BFC92B51BCD0004FBD8F /* Sources */,
				1820BFCA2B51BCD0004FBD8F /* Frameworks */,
				1820BFCB2B51BCD0004FBD8F /* Resources */,
			);
			buildRules = (
			);
			dependencies = (
			);
			name = SAM;
			productName = SAM;
			productReference = 1820BFCD2B51BCD0004FBD8F /* SAM.framework */;
			productType = "com.apple.product-type.framework";
		};
		18FB7E362B55801600BE552C /* SegmentAnythingMobile-iOS */ = {
			isa = PBXNativeTarget;
			buildConfigurationList = 18FB7E422B55801700BE552C /* Build configuration list for PBXNativeTarget "SegmentAnythingMobile-iOS" */;
			buildPhases = (
				18FB7E332B55801600BE552C /* Sources */,
				18FB7E342B55801600BE552C /* Frameworks */,
				18FB7E352B55801600BE552C /* Resources */,
				18FB7E492B567C2200BE552C /* Embed Frameworks */,
			);
			buildRules = (
			);
			dependencies = (
				18FB7E482B567C2200BE552C /* PBXTargetDependency */,
			);
			name = "SegmentAnythingMobile-iOS";
			productName = "SegmentAnythingMobile-iOS";
			productReference = 18FB7E372B55801600BE552C /* SegmentAnythingMobile-iOS.app */;
			productType = "com.apple.product-type.application";
		};
/* End PBXNativeTarget section */

/* Begin PBXProject section */
		18D814BA2B4EAF220018694F /* Project object */ = {
			isa = PBXProject;
			attributes = {
				BuildIndependentTargetsInParallel = 1;
				LastSwiftUpdateCheck = 1500;
				LastUpgradeCheck = 1500;
				TargetAttributes = {
					1820BFC02B51BCBD004FBD8F = {
						CreatedOnToolsVersion = 15.0;
					};
					1820BFCC2B51BCD0004FBD8F = {
						CreatedOnToolsVersion = 15.0;
					};
					18FB7E362B55801600BE552C = {
						CreatedOnToolsVersion = 15.0;
					};
				};
			};
			buildConfigurationList = 18D814BD2B4EAF220018694F /* Build configuration list for PBXProject "SegmentAnythingMobile" */;
			compatibilityVersion = "Xcode 14.0";
			developmentRegion = en;
			hasScannedForEncodings = 0;
			knownRegions = (
				en,
				Base,
			);
			mainGroup = 18D814B92B4EAF220018694F;
			productRefGroup = 18D814C32B4EAF220018694F /* Products */;
			projectDirPath = "";
			projectRoot = "";
			targets = (
				1820BFC02B51BCBD004FBD8F /* SegmentAnythingMobileCLI */,
				1820BFCC2B51BCD0004FBD8F /* SAM */,
				18FB7E362B55801600BE552C /* SegmentAnythingMobile-iOS */,
			);
		};
/* End PBXProject section */

/* Begin PBXResourcesBuildPhase section */
		1820BFCB2B51BCD0004FBD8F /* Resources */ = {
			isa = PBXResourcesBuildPhase;
			buildActionMask = 2147483647;
			files = (
				18FB7E512B591E0A00BE552C /* image_embeddings.bin in Resources */,
				18FB7E4D2B56D6F400BE552C /* dense_embeddings.bin in Resources */,
			);
			runOnlyForDeploymentPostprocessing = 0;
		};
		18FB7E352B55801600BE552C /* Resources */ = {
			isa = PBXResourcesBuildPhase;
			buildActionMask = 2147483647;
			files = (
				18FB7E3E2B55801700BE552C /* Assets.xcassets in Resources */,
			);
			runOnlyForDeploymentPostprocessing = 0;
		};
/* End PBXResourcesBuildPhase section */

/* Begin PBXSourcesBuildPhase section */
		1820BFBD2B51BCBD004FBD8F /* Sources */ = {
			isa = PBXSourcesBuildPhase;
			buildActionMask = 2147483647;
			files = (
				1820BFC42B51BCBD004FBD8F /* main.swift in Sources */,
			);
			runOnlyForDeploymentPostprocessing = 0;
		};
		1820BFC92B51BCD0004FBD8F /* Sources */ = {
			isa = PBXSourcesBuildPhase;
			buildActionMask = 2147483647;
			files = (
				1820BFDF2B51BCE7004FBD8F /* PromptEncoder.swift in Sources */,
				18FB7E4F2B56EDAD00BE552C /* MaskDecoder.mlpackage in Sources */,
				18FB7E552B592BD000BE552C /* postprocessing.metal in Sources */,
				18FB7E532B5920FA00BE552C /* SegmentAnything.swift in Sources */,
				1820BFE12B51BCE7004FBD8F /* filters.metal in Sources */,
				1820BFE02B51BCE7004FBD8F /* NormalizeFilter.swift in Sources */,
				18FB7E4B2B567E0900BE552C /* ImageEncoder.mlpackage in Sources */,
				1822405B2B554FCE00B849F5 /* ImageProcessor.swift in Sources */,
				1822405D2B556F7D00B849F5 /* preprocessing.metal in Sources */,
			);
			runOnlyForDeploymentPostprocessing = 0;
		};
		18FB7E332B55801600BE552C /* Sources */ = {
			isa = PBXSourcesBuildPhase;
			buildActionMask = 2147483647;
			files = (
				18FB7E3C2B55801600BE552C /* ContentView.swift in Sources */,
				18FB7E3A2B55801600BE552C /* SegmentAnythingMobile_iOSApp.swift in Sources */,
			);
			runOnlyForDeploymentPostprocessing = 0;
		};
/* End PBXSourcesBuildPhase section */

/* Begin PBXTargetDependency section */
		1820BFDD2B51BCDA004FBD8F /* PBXTargetDependency */ = {
			isa = PBXTargetDependency;
			target = 1820BFCC2B51BCD0004FBD8F /* SAM */;
			targetProxy = 1820BFDC2B51BCDA004FBD8F /* PBXContainerItemProxy */;
		};
		18FB7E482B567C2200BE552C /* PBXTargetDependency */ = {
			isa = PBXTargetDependency;
			target = 1820BFCC2B51BCD0004FBD8F /* SAM */;
			targetProxy = 18FB7E472B567C2200BE552C /* PBXContainerItemProxy */;
		};
/* End PBXTargetDependency section */

/* Begin XCBuildConfiguration section */
		1820BFC62B51BCBD004FBD8F /* Debug */ = {
			isa = XCBuildConfiguration;
			buildSettings = {
				CODE_SIGN_STYLE = Automatic;
				DEVELOPMENT_TEAM = 4UA7W8VRF2;
				ENABLE_HARDENED_RUNTIME = YES;
				GCC_PREPROCESSOR_DEFINITIONS = (
					"DEBUG=1",
					"ENABLE_METAL_CAPTURE=1",
				);
				MACOSX_DEPLOYMENT_TARGET = 14.0;
				PRODUCT_NAME = "$(TARGET_NAME)";
				SDKROOT = macosx;
				SWIFT_VERSION = 5.0;
			};
			name = Debug;
		};
		1820BFC72B51BCBD004FBD8F /* Release */ = {
			isa = XCBuildConfiguration;
			buildSettings = {
				CODE_SIGN_STYLE = Automatic;
				DEVELOPMENT_TEAM = 4UA7W8VRF2;
				ENABLE_HARDENED_RUNTIME = YES;
				MACOSX_DEPLOYMENT_TARGET = 14.0;
				PRODUCT_NAME = "$(TARGET_NAME)";
				SDKROOT = macosx;
				SWIFT_VERSION = 5.0;
			};
			name = Release;
		};
		1820BFD62B51BCD0004FBD8F /* Debug */ = {
			isa = XCBuildConfiguration;
			buildSettings = {
				CODE_SIGN_STYLE = Automatic;
				CURRENT_PROJECT_VERSION = 1;
				DEFINES_MODULE = YES;
				DEVELOPMENT_TEAM = 4UA7W8VRF2;
				DYLIB_COMPATIBILITY_VERSION = 1;
				DYLIB_CURRENT_VERSION = 1;
				DYLIB_INSTALL_NAME_BASE = "@rpath";
				ENABLE_MODULE_VERIFIER = YES;
				GCC_PREPROCESSOR_DEFINITIONS = (
					"DEBUG=1",
					"$(inherited)",
					"ENABLE_METAL_CAPTURE=1",
				);
				GENERATE_INFOPLIST_FILE = YES;
				INFOPLIST_KEY_NSHumanReadableCopyright = "";
				INSTALL_PATH = "$(LOCAL_LIBRARY_DIR)/Frameworks";
				IPHONEOS_DEPLOYMENT_TARGET = 17.0;
				LD_RUNPATH_SEARCH_PATHS = (
					"@executable_path/Frameworks",
					"@loader_path/Frameworks",
				);
				"LD_RUNPATH_SEARCH_PATHS[sdk=macosx*]" = (
					"@executable_path/../Frameworks",
					"@loader_path/Frameworks",
				);
				MACOSX_DEPLOYMENT_TARGET = 14.0;
				MARKETING_VERSION = 1.0;
				MODULE_VERIFIER_SUPPORTED_LANGUAGES = "objective-c objective-c++";
				MODULE_VERIFIER_SUPPORTED_LANGUAGE_STANDARDS = "gnu17 gnu++20";
				PRODUCT_BUNDLE_IDENTIFIER = aletos.dev.SAM;
				PRODUCT_NAME = "$(TARGET_NAME:c99extidentifier)";
				SDKROOT = auto;
				SKIP_INSTALL = YES;
				SUPPORTED_PLATFORMS = "iphoneos iphonesimulator macosx";
				SWIFT_EMIT_LOC_STRINGS = YES;
				SWIFT_OBJC_BRIDGING_HEADER = "$(PROJECT_DIR)/$(TARGET_NAME)/Preprocessing-Bridging-Header.h";
				SWIFT_VERSION = 5.0;
				TARGETED_DEVICE_FAMILY = "1,2";
				VERSIONING_SYSTEM = "apple-generic";
				VERSION_INFO_PREFIX = "";
			};
			name = Debug;
		};
		1820BFD72B51BCD0004FBD8F /* Release */ = {
			isa = XCBuildConfiguration;
			buildSettings = {
				CODE_SIGN_STYLE = Automatic;
				CURRENT_PROJECT_VERSION = 1;
				DEFINES_MODULE = YES;
				DEVELOPMENT_TEAM = 4UA7W8VRF2;
				DYLIB_COMPATIBILITY_VERSION = 1;
				DYLIB_CURRENT_VERSION = 1;
				DYLIB_INSTALL_NAME_BASE = "@rpath";
				ENABLE_MODULE_VERIFIER = YES;
				GENERATE_INFOPLIST_FILE = YES;
				INFOPLIST_KEY_NSHumanReadableCopyright = "";
				INSTALL_PATH = "$(LOCAL_LIBRARY_DIR)/Frameworks";
				IPHONEOS_DEPLOYMENT_TARGET = 17.0;
				LD_RUNPATH_SEARCH_PATHS = (
					"@executable_path/Frameworks",
					"@loader_path/Frameworks",
				);
				"LD_RUNPATH_SEARCH_PATHS[sdk=macosx*]" = (
					"@executable_path/../Frameworks",
					"@loader_path/Frameworks",
				);
				MACOSX_DEPLOYMENT_TARGET = 14.0;
				MARKETING_VERSION = 1.0;
				MODULE_VERIFIER_SUPPORTED_LANGUAGES = "objective-c objective-c++";
				MODULE_VERIFIER_SUPPORTED_LANGUAGE_STANDARDS = "gnu17 gnu++20";
				PRODUCT_BUNDLE_IDENTIFIER = aletos.dev.SAM;
				PRODUCT_NAME = "$(TARGET_NAME:c99extidentifier)";
				SDKROOT = auto;
				SKIP_INSTALL = YES;
				SUPPORTED_PLATFORMS = "iphoneos iphonesimulator macosx";
				SWIFT_EMIT_LOC_STRINGS = YES;
				SWIFT_OBJC_BRIDGING_HEADER = "$(PROJECT_DIR)/$(TARGET_NAME)/Preprocessing-Bridging-Header.h";
				SWIFT_VERSION = 5.0;
				TARGETED_DEVICE_FAMILY = "1,2";
				VERSIONING_SYSTEM = "apple-generic";
				VERSION_INFO_PREFIX = "";
			};
			name = Release;
		};
		18D814CE2B4EAF230018694F /* Debug */ = {
			isa = XCBuildConfiguration;
			buildSettings = {
				ALWAYS_SEARCH_USER_PATHS = NO;
				ASSETCATALOG_COMPILER_GENERATE_SWIFT_ASSET_SYMBOL_EXTENSIONS = YES;
				CLANG_ANALYZER_NONNULL = YES;
				CLANG_ANALYZER_NUMBER_OBJECT_CONVERSION = YES_AGGRESSIVE;
				CLANG_CXX_LANGUAGE_STANDARD = "gnu++20";
				CLANG_ENABLE_MODULES = YES;
				CLANG_ENABLE_OBJC_ARC = YES;
				CLANG_ENABLE_OBJC_WEAK = YES;
				CLANG_WARN_BLOCK_CAPTURE_AUTORELEASING = YES;
				CLANG_WARN_BOOL_CONVERSION = YES;
				CLANG_WARN_COMMA = YES;
				CLANG_WARN_CONSTANT_CONVERSION = YES;
				CLANG_WARN_DEPRECATED_OBJC_IMPLEMENTATIONS = YES;
				CLANG_WARN_DIRECT_OBJC_ISA_USAGE = YES_ERROR;
				CLANG_WARN_DOCUMENTATION_COMMENTS = YES;
				CLANG_WARN_EMPTY_BODY = YES;
				CLANG_WARN_ENUM_CONVERSION = YES;
				CLANG_WARN_INFINITE_RECURSION = YES;
				CLANG_WARN_INT_CONVERSION = YES;
				CLANG_WARN_NON_LITERAL_NULL_CONVERSION = YES;
				CLANG_WARN_OBJC_IMPLICIT_RETAIN_SELF = YES;
				CLANG_WARN_OBJC_LITERAL_CONVERSION = YES;
				CLANG_WARN_OBJC_ROOT_CLASS = YES_ERROR;
				CLANG_WARN_QUOTED_INCLUDE_IN_FRAMEWORK_HEADER = YES;
				CLANG_WARN_RANGE_LOOP_ANALYSIS = YES;
				CLANG_WARN_STRICT_PROTOTYPES = YES;
				CLANG_WARN_SUSPICIOUS_MOVE = YES;
				CLANG_WARN_UNGUARDED_AVAILABILITY = YES_AGGRESSIVE;
				CLANG_WARN_UNREACHABLE_CODE = YES;
				CLANG_WARN__DUPLICATE_METHOD_MATCH = YES;
				COPY_PHASE_STRIP = NO;
				DEBUG_INFORMATION_FORMAT = dwarf;
				ENABLE_STRICT_OBJC_MSGSEND = YES;
				ENABLE_TESTABILITY = YES;
				ENABLE_USER_SCRIPT_SANDBOXING = YES;
				GCC_C_LANGUAGE_STANDARD = gnu17;
				GCC_DYNAMIC_NO_PIC = NO;
				GCC_NO_COMMON_BLOCKS = YES;
				GCC_OPTIMIZATION_LEVEL = 0;
				GCC_PREPROCESSOR_DEFINITIONS = (
					"DEBUG=1",
					"$(inherited)",
				);
				GCC_WARN_64_TO_32_BIT_CONVERSION = YES;
				GCC_WARN_ABOUT_RETURN_TYPE = YES_ERROR;
				GCC_WARN_UNDECLARED_SELECTOR = YES;
				GCC_WARN_UNINITIALIZED_AUTOS = YES_AGGRESSIVE;
				GCC_WARN_UNUSED_FUNCTION = YES;
				GCC_WARN_UNUSED_VARIABLE = YES;
				IPHONEOS_DEPLOYMENT_TARGET = 17.0;
				LOCALIZATION_PREFERS_STRING_CATALOGS = YES;
				MTL_ENABLE_DEBUG_INFO = INCLUDE_SOURCE;
				MTL_FAST_MATH = YES;
				ONLY_ACTIVE_ARCH = YES;
				SDKROOT = iphoneos;
				SWIFT_ACTIVE_COMPILATION_CONDITIONS = "DEBUG $(inherited)";
				SWIFT_OPTIMIZATION_LEVEL = "-Onone";
			};
			name = Debug;
		};
		18D814CF2B4EAF230018694F /* Release */ = {
			isa = XCBuildConfiguration;
			buildSettings = {
				ALWAYS_SEARCH_USER_PATHS = NO;
				ASSETCATALOG_COMPILER_GENERATE_SWIFT_ASSET_SYMBOL_EXTENSIONS = YES;
				CLANG_ANALYZER_NONNULL = YES;
				CLANG_ANALYZER_NUMBER_OBJECT_CONVERSION = YES_AGGRESSIVE;
				CLANG_CXX_LANGUAGE_STANDARD = "gnu++20";
				CLANG_ENABLE_MODULES = YES;
				CLANG_ENABLE_OBJC_ARC = YES;
				CLANG_ENABLE_OBJC_WEAK = YES;
				CLANG_WARN_BLOCK_CAPTURE_AUTORELEASING = YES;
				CLANG_WARN_BOOL_CONVERSION = YES;
				CLANG_WARN_COMMA = YES;
				CLANG_WARN_CONSTANT_CONVERSION = YES;
				CLANG_WARN_DEPRECATED_OBJC_IMPLEMENTATIONS = YES;
				CLANG_WARN_DIRECT_OBJC_ISA_USAGE = YES_ERROR;
				CLANG_WARN_DOCUMENTATION_COMMENTS = YES;
				CLANG_WARN_EMPTY_BODY = YES;
				CLANG_WARN_ENUM_CONVERSION = YES;
				CLANG_WARN_INFINITE_RECURSION = YES;
				CLANG_WARN_INT_CONVERSION = YES;
				CLANG_WARN_NON_LITERAL_NULL_CONVERSION = YES;
				CLANG_WARN_OBJC_IMPLICIT_RETAIN_SELF = YES;
				CLANG_WARN_OBJC_LITERAL_CONVERSION = YES;
				CLANG_WARN_OBJC_ROOT_CLASS = YES_ERROR;
				CLANG_WARN_QUOTED_INCLUDE_IN_FRAMEWORK_HEADER = YES;
				CLANG_WARN_RANGE_LOOP_ANALYSIS = YES;
				CLANG_WARN_STRICT_PROTOTYPES = YES;
				CLANG_WARN_SUSPICIOUS_MOVE = YES;
				CLANG_WARN_UNGUARDED_AVAILABILITY = YES_AGGRESSIVE;
				CLANG_WARN_UNREACHABLE_CODE = YES;
				CLANG_WARN__DUPLICATE_METHOD_MATCH = YES;
				COPY_PHASE_STRIP = NO;
				DEBUG_INFORMATION_FORMAT = "dwarf-with-dsym";
				ENABLE_NS_ASSERTIONS = NO;
				ENABLE_STRICT_OBJC_MSGSEND = YES;
				ENABLE_USER_SCRIPT_SANDBOXING = YES;
				GCC_C_LANGUAGE_STANDARD = gnu17;
				GCC_NO_COMMON_BLOCKS = YES;
				GCC_WARN_64_TO_32_BIT_CONVERSION = YES;
				GCC_WARN_ABOUT_RETURN_TYPE = YES_ERROR;
				GCC_WARN_UNDECLARED_SELECTOR = YES;
				GCC_WARN_UNINITIALIZED_AUTOS = YES_AGGRESSIVE;
				GCC_WARN_UNUSED_FUNCTION = YES;
				GCC_WARN_UNUSED_VARIABLE = YES;
				IPHONEOS_DEPLOYMENT_TARGET = 17.0;
				LOCALIZATION_PREFERS_STRING_CATALOGS = YES;
				MTL_ENABLE_DEBUG_INFO = NO;
				MTL_FAST_MATH = YES;
				SDKROOT = iphoneos;
				SWIFT_COMPILATION_MODE = wholemodule;
				VALIDATE_PRODUCT = YES;
			};
			name = Release;
		};
		18FB7E432B55801700BE552C /* Debug */ = {
			isa = XCBuildConfiguration;
			buildSettings = {
				ASSETCATALOG_COMPILER_APPICON_NAME = AppIcon;
				ASSETCATALOG_COMPILER_GLOBAL_ACCENT_COLOR_NAME = AccentColor;
				CODE_SIGN_STYLE = Automatic;
				CURRENT_PROJECT_VERSION = 1;
				DEVELOPMENT_ASSET_PATHS = "";
				DEVELOPMENT_TEAM = 4UA7W8VRF2;
				ENABLE_PREVIEWS = YES;
				GENERATE_INFOPLIST_FILE = YES;
				INFOPLIST_KEY_UIApplicationSceneManifest_Generation = YES;
				INFOPLIST_KEY_UIApplicationSupportsIndirectInputEvents = YES;
				INFOPLIST_KEY_UILaunchScreen_Generation = YES;
				INFOPLIST_KEY_UISupportedInterfaceOrientations_iPad = "UIInterfaceOrientationPortrait UIInterfaceOrientationPortraitUpsideDown UIInterfaceOrientationLandscapeLeft UIInterfaceOrientationLandscapeRight";
				INFOPLIST_KEY_UISupportedInterfaceOrientations_iPhone = "UIInterfaceOrientationPortrait UIInterfaceOrientationLandscapeLeft UIInterfaceOrientationLandscapeRight";
				LD_RUNPATH_SEARCH_PATHS = (
					"$(inherited)",
					"@executable_path/Frameworks",
				);
				MARKETING_VERSION = 1.0;
				PRODUCT_BUNDLE_IDENTIFIER = "aletos.dev.SegmentAnythingMobile-iOS";
				PRODUCT_NAME = "$(TARGET_NAME)";
				SWIFT_EMIT_LOC_STRINGS = YES;
				SWIFT_VERSION = 5.0;
				TARGETED_DEVICE_FAMILY = "1,2";
			};
			name = Debug;
		};
		18FB7E442B55801700BE552C /* Release */ = {
			isa = XCBuildConfiguration;
			buildSettings = {
				ASSETCATALOG_COMPILER_APPICON_NAME = AppIcon;
				ASSETCATALOG_COMPILER_GLOBAL_ACCENT_COLOR_NAME = AccentColor;
				CODE_SIGN_STYLE = Automatic;
				CURRENT_PROJECT_VERSION = 1;
				DEVELOPMENT_ASSET_PATHS = "";
				DEVELOPMENT_TEAM = 4UA7W8VRF2;
				ENABLE_PREVIEWS = YES;
				GENERATE_INFOPLIST_FILE = YES;
				INFOPLIST_KEY_UIApplicationSceneManifest_Generation = YES;
				INFOPLIST_KEY_UIApplicationSupportsIndirectInputEvents = YES;
				INFOPLIST_KEY_UILaunchScreen_Generation = YES;
				INFOPLIST_KEY_UISupportedInterfaceOrientations_iPad = "UIInterfaceOrientationPortrait UIInterfaceOrientationPortraitUpsideDown UIInterfaceOrientationLandscapeLeft UIInterfaceOrientationLandscapeRight";
				INFOPLIST_KEY_UISupportedInterfaceOrientations_iPhone = "UIInterfaceOrientationPortrait UIInterfaceOrientationLandscapeLeft UIInterfaceOrientationLandscapeRight";
				LD_RUNPATH_SEARCH_PATHS = (
					"$(inherited)",
					"@executable_path/Frameworks",
				);
				MARKETING_VERSION = 1.0;
				PRODUCT_BUNDLE_IDENTIFIER = "aletos.dev.SegmentAnythingMobile-iOS";
				PRODUCT_NAME = "$(TARGET_NAME)";
				SWIFT_EMIT_LOC_STRINGS = YES;
				SWIFT_VERSION = 5.0;
				TARGETED_DEVICE_FAMILY = "1,2";
			};
			name = Release;
		};
/* End XCBuildConfiguration section */

/* Begin XCConfigurationList section */
		1820BFC52B51BCBD004FBD8F /* Build configuration list for PBXNativeTarget "SegmentAnythingMobileCLI" */ = {
			isa = XCConfigurationList;
			buildConfigurations = (
				1820BFC62B51BCBD004FBD8F /* Debug */,
				1820BFC72B51BCBD004FBD8F /* Release */,
			);
			defaultConfigurationIsVisible = 0;
			defaultConfigurationName = Release;
		};
		1820BFD52B51BCD0004FBD8F /* Build configuration list for PBXNativeTarget "SAM" */ = {
			isa = XCConfigurationList;
			buildConfigurations = (
				1820BFD62B51BCD0004FBD8F /* Debug */,
				1820BFD72B51BCD0004FBD8F /* Release */,
			);
			defaultConfigurationIsVisible = 0;
			defaultConfigurationName = Release;
		};
		18D814BD2B4EAF220018694F /* Build configuration list for PBXProject "SegmentAnythingMobile" */ = {
			isa = XCConfigurationList;
			buildConfigurations = (
				18D814CE2B4EAF230018694F /* Debug */,
				18D814CF2B4EAF230018694F /* Release */,
			);
			defaultConfigurationIsVisible = 0;
			defaultConfigurationName = Release;
		};
		18FB7E422B55801700BE552C /* Build configuration list for PBXNativeTarget "SegmentAnythingMobile-iOS" */ = {
			isa = XCConfigurationList;
			buildConfigurations = (
				18FB7E432B55801700BE552C /* Debug */,
				18FB7E442B55801700BE552C /* Release */,
			);
			defaultConfigurationIsVisible = 0;
			defaultConfigurationName = Release;
		};
/* End XCConfigurationList section */
	};
	rootObject = 18D814BA2B4EAF220018694F /* Project object */;
}
